
Microsoft Visual Studio Solution File, Format Version 12.00
# Visual Studio 15
VisualStudioVersion = 15.0.26124.0
MinimumVisualStudioVersion = 15.0.26124.0
Project("{2150E333-8FDC-42A3-9474-1A3956D46DE8}") = "src", "src", "{B2E73603-84B5-4AEB-A381-BAA515D4A72D}"
EndProject
Project("{FAE04EC0-301F-11D3-BF4B-00C04F79EFBC}") = "urlshortener", "src\urlshortener\urlshortener.csproj", "{7B5875EA-0CB0-4CF8-A11A-29EF3008D145}"
EndProject
Project("{2150E333-8FDC-42A3-9474-1A3956D46DE8}") = "test", "test", "{046E0803-F97A-41C7-9C84-1916EF8B1230}"
EndProject
Project("{FAE04EC0-301F-11D3-BF4B-00C04F79EFBC}") = "urlshortener.Tests", "test\urlshortener.Tests\urlshortener.Tests.csproj", "{767DE0A5-932A-4DCD-AE3D-BDDCC0A987E1}"
EndProject
Global
	GlobalSection(SolutionConfigurationPlatforms) = preSolution
		Debug|Any CPU = Debug|Any CPU
		Debug|x64 = Debug|x64
		Debug|x86 = Debug|x86
		Release|Any CPU = Release|Any CPU
		Release|x64 = Release|x64
		Release|x86 = Release|x86
	EndGlobalSection
	GlobalSection(SolutionProperties) = preSolution
		HideSolutionNode = FALSE
	EndGlobalSection
	GlobalSection(ProjectConfigurationPlatforms) = postSolution
		{7B5875EA-0CB0-4CF8-A11A-29EF3008D145}.Debug|Any CPU.ActiveCfg = Debug|Any CPU
		{7B5875EA-0CB0-4CF8-A11A-29EF3008D145}.Debug|Any CPU.Build.0 = Debug|Any CPU
		{7B5875EA-0CB0-4CF8-A11A-29EF3008D145}.Debug|x64.ActiveCfg = Debug|x64
		{7B5875EA-0CB0-4CF8-A11A-29EF3008D145}.Debug|x64.Build.0 = Debug|x64
		{7B5875EA-0CB0-4CF8-A11A-29EF3008D145}.Debug|x86.ActiveCfg = Debug|x86
		{7B5875EA-0CB0-4CF8-A11A-29EF3008D145}.Debug|x86.Build.0 = Debug|x86
		{7B5875EA-0CB0-4CF8-A11A-29EF3008D145}.Release|Any CPU.ActiveCfg = Release|Any CPU
		{7B5875EA-0CB0-4CF8-A11A-29EF3008D145}.Release|Any CPU.Build.0 = Release|Any CPU
		{7B5875EA-0CB0-4CF8-A11A-29EF3008D145}.Release|x64.ActiveCfg = Release|x64
		{7B5875EA-0CB0-4CF8-A11A-29EF3008D145}.Release|x64.Build.0 = Release|x64
		{7B5875EA-0CB0-4CF8-A11A-29EF3008D145}.Release|x86.ActiveCfg = Release|x86
		{7B5875EA-0CB0-4CF8-A11A-29EF3008D145}.Release|x86.Build.0 = Release|x86
		{767DE0A5-932A-4DCD-AE3D-BDDCC0A987E1}.Debug|Any CPU.ActiveCfg = Debug|Any CPU
		{767DE0A5-932A-4DCD-AE3D-BDDCC0A987E1}.Debug|Any CPU.Build.0 = Debug|Any CPU
		{767DE0A5-932A-4DCD-AE3D-BDDCC0A987E1}.Debug|x64.ActiveCfg = Debug|x64
		{767DE0A5-932A-4DCD-AE3D-BDDCC0A987E1}.Debug|x64.Build.0 = Debug|x64
		{767DE0A5-932A-4DCD-AE3D-BDDCC0A987E1}.Debug|x86.ActiveCfg = Debug|x86
		{767DE0A5-932A-4DCD-AE3D-BDDCC0A987E1}.Debug|x86.Build.0 = Debug|x86
		{767DE0A5-932A-4DCD-AE3D-BDDCC0A987E1}.Release|Any CPU.ActiveCfg = Release|Any CPU
		{767DE0A5-932A-4DCD-AE3D-BDDCC0A987E1}.Release|Any CPU.Build.0 = Release|Any CPU
		{767DE0A5-932A-4DCD-AE3D-BDDCC0A987E1}.Release|x64.ActiveCfg = Release|x64
		{767DE0A5-932A-4DCD-AE3D-BDDCC0A987E1}.Release|x64.Build.0 = Release|x64
		{767DE0A5-932A-4DCD-AE3D-BDDCC0A987E1}.Release|x86.ActiveCfg = Release|x86
		{767DE0A5-932A-4DCD-AE3D-BDDCC0A987E1}.Release|x86.Build.0 = Release|x86
	EndGlobalSection
	GlobalSection(NestedProjects) = preSolution
		{7B5875EA-0CB0-4CF8-A11A-29EF3008D145} = {B2E73603-84B5-4AEB-A381-BAA515D4A72D}
		{767DE0A5-932A-4DCD-AE3D-BDDCC0A987E1} = {046E0803-F97A-41C7-9C84-1916EF8B1230}
	EndGlobalSection
EndGlobal
